
Microsoft Visual Studio Solution File, Format Version 12.00
# Visual Studio Version 16
VisualStudioVersion = 16.0.31129.286
MinimumVisualStudioVersion = 10.0.40219.1
Project("{FAE04EC0-301F-11D3-BF4B-00C04F79EFBC}") = "FactorialNumber", "FactorialNumber\FactorialNumber.csproj", "{C8AB64A2-6FC7-4B30-81DA-028050ACFCBF}"
EndProject
Global
	GlobalSection(SolutionConfigurationPlatforms) = preSolution
		Debug|Any CPU = Debug|Any CPU
		Release|Any CPU = Release|Any CPU
	EndGlobalSection
	GlobalSection(ProjectConfigurationPlatforms) = postSolution
		{C8AB64A2-6FC7-4B30-81DA-028050ACFCBF}.Debug|Any CPU.ActiveCfg = Debug|Any CPU
		{C8AB64A2-6FC7-4B30-81DA-028050ACFCBF}.Debug|Any CPU.Build.0 = Debug|Any CPU
		{C8AB64A2-6FC7-4B30-81DA-028050ACFCBF}.Release|Any CPU.ActiveCfg = Release|Any CPU
		{C8AB64A2-6FC7-4B30-81DA-028050ACFCBF}.Release|Any CPU.Build.0 = Release|Any CPU
	EndGlobalSection
	GlobalSection(SolutionProperties) = preSolution
		HideSolutionNode = FALSE
	EndGlobalSection
	GlobalSection(ExtensibilityGlobals) = postSolution
		SolutionGuid = {63DA4653-5384-48E7-AEDB-FE113279C3B0}
	EndGlobalSection
EndGlobal
